
Microsoft Visual Studio Solution File, Format Version 12.00
# Visual Studio Version 17
VisualStudioVersion = 17.7.34003.232
MinimumVisualStudioVersion = 10.0.40219.1
Project("{FAE04EC0-301F-11D3-BF4B-00C04F79EFBC}") = "WebApp2", "WebApp2.csproj", "{D8C36C5C-DE80-475F-9B22-15467CD2F27A}"
EndProject
Global
	GlobalSection(SolutionConfigurationPlatforms) = preSolution
		Debug|Any CPU = Debug|Any CPU
		Release|Any CPU = Release|Any CPU
	EndGlobalSection
	GlobalSection(ProjectConfigurationPlatforms) = postSolution
		{D8C36C5C-DE80-475F-9B22-15467CD2F27A}.Debug|Any CPU.ActiveCfg = Debug|Any CPU
		{D8C36C5C-DE80-475F-9B22-15467CD2F27A}.Debug|Any CPU.Build.0 = Debug|Any CPU
		{D8C36C5C-DE80-475F-9B22-15467CD2F27A}.Release|Any CPU.ActiveCfg = Release|Any CPU
		{D8C36C5C-DE80-475F-9B22-15467CD2F27A}.Release|Any CPU.Build.0 = Release|Any CPU
	EndGlobalSection
	GlobalSection(SolutionProperties) = preSolution
		HideSolutionNode = FALSE
	EndGlobalSection
	GlobalSection(ExtensibilityGlobals) = postSolution
		SolutionGuid = {59A89F45-1D32-426E-AFE6-B62709469585}
	EndGlobalSection
EndGlobal
